
Microsoft Visual Studio Solution File, Format Version 12.00
# Visual Studio 15
VisualStudioVersion = 15.0.27703.2035
MinimumVisualStudioVersion = 10.0.40219.1
Project("{FAE04EC0-301F-11D3-BF4B-00C04F79EFBC}") = "HarAPI", "HarAPI\HarAPI.csproj", "{C38D6A19-E13C-42EC-9501-3E6D9ADDDEBF}"
EndProject
Project("{FAE04EC0-301F-11D3-BF4B-00C04F79EFBC}") = "HarAPITest", "HarAPITest\HarAPITest.csproj", "{E76AF18D-7A2F-4ED8-B246-1818797CB016}"
EndProject
Global
	GlobalSection(SolutionConfigurationPlatforms) = preSolution
		Debug|Any CPU = Debug|Any CPU
		Release|Any CPU = Release|Any CPU
	EndGlobalSection
	GlobalSection(ProjectConfigurationPlatforms) = postSolution
		{C38D6A19-E13C-42EC-9501-3E6D9ADDDEBF}.Debug|Any CPU.ActiveCfg = Debug|Any CPU
		{C38D6A19-E13C-42EC-9501-3E6D9ADDDEBF}.Debug|Any CPU.Build.0 = Debug|Any CPU
		{C38D6A19-E13C-42EC-9501-3E6D9ADDDEBF}.Release|Any CPU.ActiveCfg = Release|Any CPU
		{C38D6A19-E13C-42EC-9501-3E6D9ADDDEBF}.Release|Any CPU.Build.0 = Release|Any CPU
		{E76AF18D-7A2F-4ED8-B246-1818797CB016}.Debug|Any CPU.ActiveCfg = Debug|Any CPU
		{E76AF18D-7A2F-4ED8-B246-1818797CB016}.Debug|Any CPU.Build.0 = Debug|Any CPU
		{E76AF18D-7A2F-4ED8-B246-1818797CB016}.Release|Any CPU.ActiveCfg = Release|Any CPU
		{E76AF18D-7A2F-4ED8-B246-1818797CB016}.Release|Any CPU.Build.0 = Release|Any CPU
	EndGlobalSection
	GlobalSection(SolutionProperties) = preSolution
		HideSolutionNode = FALSE
	EndGlobalSection
	GlobalSection(ExtensibilityGlobals) = postSolution
		SolutionGuid = {1064D5C1-0C98-464F-A244-8FEA30EA3EC3}
	EndGlobalSection
EndGlobal
